// !$*UTF8*$!
{
	archiveVersion = 1;
	classes = {
	};
	objectVersion = 56;
	objects = {

/* Begin PBXBuildFile section */
		A6CFA2872B471C8F00B9E535 /* Lexend-Regular.ttf in Resources */ = {isa = PBXBuildFile; fileRef = A6CFA2832B471C8F00B9E535 /* Lexend-Regular.ttf */; };
		A6CFA2882B471C8F00B9E535 /* Lexend-SemiBold.ttf in Resources */ = {isa = PBXBuildFile; fileRef = A6CFA2842B471C8F00B9E535 /* Lexend-SemiBold.ttf */; };
		A6CFA2892B471C8F00B9E535 /* Lexend-Medium.ttf in Resources */ = {isa = PBXBuildFile; fileRef = A6CFA2852B471C8F00B9E535 /* Lexend-Medium.ttf */; };
		A6CFA28A2B471C8F00B9E535 /* Lexend-Bold.ttf in Resources */ = {isa = PBXBuildFile; fileRef = A6CFA2862B471C8F00B9E535 /* Lexend-Bold.ttf */; };
		A6CFA28D2B471CDF00B9E535 /* Fonts.swift in Sources */ = {isa = PBXBuildFile; fileRef = A6CFA28C2B471CDF00B9E535 /* Fonts.swift */; };
		A6CFA28F2B471D9A00B9E535 /* Colors.swift in Sources */ = {isa = PBXBuildFile; fileRef = A6CFA28E2B471D9A00B9E535 /* Colors.swift */; };
		A6CFA2932B4727EB00B9E535 /* MatchesCoordinator.swift in Sources */ = {isa = PBXBuildFile; fileRef = A6CFA2922B4727EB00B9E535 /* MatchesCoordinator.swift */; };
		A6CFA2962B472A2600B9E535 /* TeamDetailCoordinator.swift in Sources */ = {isa = PBXBuildFile; fileRef = A6CFA2952B472A2600B9E535 /* TeamDetailCoordinator.swift */; };
		A6CFA2982B472A6800B9E535 /* TeamDetailViewController.swift in Sources */ = {isa = PBXBuildFile; fileRef = A6CFA2972B472A6800B9E535 /* TeamDetailViewController.swift */; };
		A6CFA29A2B472B0100B9E535 /* TeamDetailViewModel.swift in Sources */ = {isa = PBXBuildFile; fileRef = A6CFA2992B472B0100B9E535 /* TeamDetailViewModel.swift */; };
		A6CFA2A22B473EF000B9E535 /* MatchesSectionHeader.swift in Sources */ = {isa = PBXBuildFile; fileRef = A6CFA2A12B473EF000B9E535 /* MatchesSectionHeader.swift */; };
		A6CFA2C32B485AD500B9E535 /* MatchRepositoryTests.swift in Sources */ = {isa = PBXBuildFile; fileRef = A6CFA2C22B485AD500B9E535 /* MatchRepositoryTests.swift */; };
		A6CFA2C52B485DBE00B9E535 /* TeamMatchCell.swift in Sources */ = {isa = PBXBuildFile; fileRef = A6CFA2C42B485DBE00B9E535 /* TeamMatchCell.swift */; };
		A6CFA2DC2B48D79E00B9E535 /* MockApiService.swift in Sources */ = {isa = PBXBuildFile; fileRef = A6CFA2DB2B48D79E00B9E535 /* MockApiService.swift */; };
		A6CFA2E02B48D8D900B9E535 /* MockMatchDatabase.swift in Sources */ = {isa = PBXBuildFile; fileRef = A6CFA2DF2B48D8D900B9E535 /* MockMatchDatabase.swift */; };
		A6CFA2E22B48D8E100B9E535 /* MockTeamDatabase.swift in Sources */ = {isa = PBXBuildFile; fileRef = A6CFA2E12B48D8E100B9E535 /* MockTeamDatabase.swift */; };
		A6DD672E2B496BE100DA2FB1 /* matches.json in Resources */ = {isa = PBXBuildFile; fileRef = A6DD672D2B496BE100DA2FB1 /* matches.json */; };
		A6DD67302B496D3900DA2FB1 /* teams.json in Resources */ = {isa = PBXBuildFile; fileRef = A6DD672F2B496D3900DA2FB1 /* teams.json */; };
		A6DD67322B49A93600DA2FB1 /* TeamMatchesSectionHeader.swift in Sources */ = {isa = PBXBuildFile; fileRef = A6DD67312B49A93600DA2FB1 /* TeamMatchesSectionHeader.swift */; };
		A6F18A6C2B44743500CFE32C /* AppDelegate.swift in Sources */ = {isa = PBXBuildFile; fileRef = A6F18A6B2B44743500CFE32C /* AppDelegate.swift */; };
		A6F18A762B44743500CFE32C /* Goal.xcdatamodeld in Sources */ = {isa = PBXBuildFile; fileRef = A6F18A742B44743500CFE32C /* Goal.xcdatamodeld */; };
		A6F18A782B44743600CFE32C /* Assets.xcassets in Resources */ = {isa = PBXBuildFile; fileRef = A6F18A772B44743600CFE32C /* Assets.xcassets */; };
		A6F18A7B2B44743600CFE32C /* LaunchScreen.storyboard in Resources */ = {isa = PBXBuildFile; fileRef = A6F18A792B44743600CFE32C /* LaunchScreen.storyboard */; };
		A6F18A862B44750F00CFE32C /* AppCoordinator.swift in Sources */ = {isa = PBXBuildFile; fileRef = A6F18A852B44750F00CFE32C /* AppCoordinator.swift */; };
		A6F18A892B44752100CFE32C /* Coordinator.swift in Sources */ = {isa = PBXBuildFile; fileRef = A6F18A882B44752100CFE32C /* Coordinator.swift */; };
		A6F18A8B2B44761300CFE32C /* MatchesViewController.swift in Sources */ = {isa = PBXBuildFile; fileRef = A6F18A8A2B44761300CFE32C /* MatchesViewController.swift */; };
		A6F18AA22B45751E00CFE32C /* MatchesViewModel.swift in Sources */ = {isa = PBXBuildFile; fileRef = A6F18AA12B45751E00CFE32C /* MatchesViewModel.swift */; };
		A6F18AA82B4580B100CFE32C /* MatchCell.swift in Sources */ = {isa = PBXBuildFile; fileRef = A6F18AA72B4580B100CFE32C /* MatchCell.swift */; };
		A6F59DFB2B4CD9FF005C36FE /* TeamsFilterViewModelTests.swift in Sources */ = {isa = PBXBuildFile; fileRef = A6F59DFA2B4CD9FF005C36FE /* TeamsFilterViewModelTests.swift */; };
		A6FDA2902B4A7A62006292EC /* MatchItemViewModel.swift in Sources */ = {isa = PBXBuildFile; fileRef = A6FDA28F2B4A7A62006292EC /* MatchItemViewModel.swift */; };
		A6FDA2982B4A7E75006292EC /* TeamMatchItemViewModel.swift in Sources */ = {isa = PBXBuildFile; fileRef = A6FDA2972B4A7E75006292EC /* TeamMatchItemViewModel.swift */; };
		A6FDA2A62B4A847E006292EC /* Networking in Frameworks */ = {isa = PBXBuildFile; productRef = A6FDA2A52B4A847E006292EC /* Networking */; };
		A6FDA2BB2B4A8527006292EC /* MatchDatabase.swift in Sources */ = {isa = PBXBuildFile; fileRef = A6FDA2AA2B4A8527006292EC /* MatchDatabase.swift */; };
		A6FDA2BC2B4A8527006292EC /* TeamDatabase.swift in Sources */ = {isa = PBXBuildFile; fileRef = A6FDA2AB2B4A8527006292EC /* TeamDatabase.swift */; };
		A6FDA2BE2B4A8527006292EC /* Model.xcdatamodeld in Sources */ = {isa = PBXBuildFile; fileRef = A6FDA2AE2B4A8527006292EC /* Model.xcdatamodeld */; };
		A6FDA2BF2B4A8527006292EC /* PersistenceController.swift in Sources */ = {isa = PBXBuildFile; fileRef = A6FDA2B02B4A8527006292EC /* PersistenceController.swift */; };
		A6FDA2C02B4A8527006292EC /* MatchRepository.swift in Sources */ = {isa = PBXBuildFile; fileRef = A6FDA2B22B4A8527006292EC /* MatchRepository.swift */; };
		A6FDA2C12B4A8527006292EC /* ApiService.swift in Sources */ = {isa = PBXBuildFile; fileRef = A6FDA2B42B4A8527006292EC /* ApiService.swift */; };
		A6FDA2C22B4A8527006292EC /* ApiEndpoint.swift in Sources */ = {isa = PBXBuildFile; fileRef = A6FDA2B52B4A8527006292EC /* ApiEndpoint.swift */; };
		A6FDA2C32B4A8527006292EC /* MatchListObject.swift in Sources */ = {isa = PBXBuildFile; fileRef = A6FDA2B72B4A8527006292EC /* MatchListObject.swift */; };
		A6FDA2C42B4A8527006292EC /* Team.swift in Sources */ = {isa = PBXBuildFile; fileRef = A6FDA2B82B4A8527006292EC /* Team.swift */; };
		A6FDA2C52B4A8527006292EC /* Match.swift in Sources */ = {isa = PBXBuildFile; fileRef = A6FDA2B92B4A8527006292EC /* Match.swift */; };
		A6FDA2CD2B4A853F006292EC /* DateExtensions.swift in Sources */ = {isa = PBXBuildFile; fileRef = A6FDA2C82B4A853F006292EC /* DateExtensions.swift */; };
		A6FDA2CE2B4A853F006292EC /* UIViewExtensions.swift in Sources */ = {isa = PBXBuildFile; fileRef = A6FDA2CA2B4A853F006292EC /* UIViewExtensions.swift */; };
		A6FDA2CF2B4A853F006292EC /* UIImageViewExtensions.swift in Sources */ = {isa = PBXBuildFile; fileRef = A6FDA2CB2B4A853F006292EC /* UIImageViewExtensions.swift */; };
		A6FDA2D02B4A853F006292EC /* UIColor+.swift in Sources */ = {isa = PBXBuildFile; fileRef = A6FDA2CC2B4A853F006292EC /* UIColor+.swift */; };
		A6FDA2D62B4A865A006292EC /* MatchesViewModelTests.swift in Sources */ = {isa = PBXBuildFile; fileRef = A6FDA2D52B4A865A006292EC /* MatchesViewModelTests.swift */; };
		A6FDA2D82B4A866A006292EC /* MockMatchRepository.swift in Sources */ = {isa = PBXBuildFile; fileRef = A6FDA2D72B4A866A006292EC /* MockMatchRepository.swift */; };
		A6FDA2DA2B4A89EA006292EC /* TeamDetailViewModelTests.swift in Sources */ = {isa = PBXBuildFile; fileRef = A6FDA2D92B4A89EA006292EC /* TeamDetailViewModelTests.swift */; };
		A6FDA2E42B4BF457006292EC /* TeamsFilterViewController.swift in Sources */ = {isa = PBXBuildFile; fileRef = A6FDA2E32B4BF457006292EC /* TeamsFilterViewController.swift */; };
		A6FDA2E92B4BF476006292EC /* TeamFilterCell.swift in Sources */ = {isa = PBXBuildFile; fileRef = A6FDA2E82B4BF476006292EC /* TeamFilterCell.swift */; };
		A6FDA2EB2B4BF47E006292EC /* TeamsFilterViewModel.swift in Sources */ = {isa = PBXBuildFile; fileRef = A6FDA2EA2B4BF47E006292EC /* TeamsFilterViewModel.swift */; };
		A6FDA2ED2B4BF489006292EC /* TeamsFilterCoordinator.swift in Sources */ = {isa = PBXBuildFile; fileRef = A6FDA2EC2B4BF489006292EC /* TeamsFilterCoordinator.swift */; };
		A6FDA2EF2B4BF6FD006292EC /* TeamFilterItemViewModel.swift in Sources */ = {isa = PBXBuildFile; fileRef = A6FDA2EE2B4BF6FD006292EC /* TeamFilterItemViewModel.swift */; };
/* End PBXBuildFile section */

/* Begin PBXContainerItemProxy section */
		A6CFA2B82B48591900B9E535 /* PBXContainerItemProxy */ = {
			isa = PBXContainerItemProxy;
			containerPortal = A6F18A602B44743500CFE32C /* Project object */;
			proxyType = 1;
			remoteGlobalIDString = A6F18A672B44743500CFE32C;
			remoteInfo = Goal;
		};
/* End PBXContainerItemProxy section */

/* Begin PBXFileReference section */
		A6CFA2832B471C8F00B9E535 /* Lexend-Regular.ttf */ = {isa = PBXFileReference; lastKnownFileType = file; path = "Lexend-Regular.ttf"; sourceTree = "<group>"; };
		A6CFA2842B471C8F00B9E535 /* Lexend-SemiBold.ttf */ = {isa = PBXFileReference; lastKnownFileType = file; path = "Lexend-SemiBold.ttf"; sourceTree = "<group>"; };
		A6CFA2852B471C8F00B9E535 /* Lexend-Medium.ttf */ = {isa = PBXFileReference; lastKnownFileType = file; path = "Lexend-Medium.ttf"; sourceTree = "<group>"; };
		A6CFA2862B471C8F00B9E535 /* Lexend-Bold.ttf */ = {isa = PBXFileReference; lastKnownFileType = file; path = "Lexend-Bold.ttf"; sourceTree = "<group>"; };
		A6CFA28C2B471CDF00B9E535 /* Fonts.swift */ = {isa = PBXFileReference; lastKnownFileType = sourcecode.swift; path = Fonts.swift; sourceTree = "<group>"; };
		A6CFA28E2B471D9A00B9E535 /* Colors.swift */ = {isa = PBXFileReference; lastKnownFileType = sourcecode.swift; path = Colors.swift; sourceTree = "<group>"; };
		A6CFA2922B4727EB00B9E535 /* MatchesCoordinator.swift */ = {isa = PBXFileReference; lastKnownFileType = sourcecode.swift; path = MatchesCoordinator.swift; sourceTree = "<group>"; };
		A6CFA2952B472A2600B9E535 /* TeamDetailCoordinator.swift */ = {isa = PBXFileReference; lastKnownFileType = sourcecode.swift; path = TeamDetailCoordinator.swift; sourceTree = "<group>"; };
		A6CFA2972B472A6800B9E535 /* TeamDetailViewController.swift */ = {isa = PBXFileReference; lastKnownFileType = sourcecode.swift; path = TeamDetailViewController.swift; sourceTree = "<group>"; };
		A6CFA2992B472B0100B9E535 /* TeamDetailViewModel.swift */ = {isa = PBXFileReference; lastKnownFileType = sourcecode.swift; path = TeamDetailViewModel.swift; sourceTree = "<group>"; };
		A6CFA2A12B473EF000B9E535 /* MatchesSectionHeader.swift */ = {isa = PBXFileReference; lastKnownFileType = sourcecode.swift; path = MatchesSectionHeader.swift; sourceTree = "<group>"; };
		A6CFA2B42B48591800B9E535 /* GoalTests.xctest */ = {isa = PBXFileReference; explicitFileType = wrapper.cfbundle; includeInIndex = 0; path = GoalTests.xctest; sourceTree = BUILT_PRODUCTS_DIR; };
		A6CFA2C22B485AD500B9E535 /* MatchRepositoryTests.swift */ = {isa = PBXFileReference; lastKnownFileType = sourcecode.swift; path = MatchRepositoryTests.swift; sourceTree = "<group>"; };
		A6CFA2C42B485DBE00B9E535 /* TeamMatchCell.swift */ = {isa = PBXFileReference; lastKnownFileType = sourcecode.swift; path = TeamMatchCell.swift; sourceTree = "<group>"; };
		A6CFA2DB2B48D79E00B9E535 /* MockApiService.swift */ = {isa = PBXFileReference; lastKnownFileType = sourcecode.swift; path = MockApiService.swift; sourceTree = "<group>"; };
		A6CFA2DF2B48D8D900B9E535 /* MockMatchDatabase.swift */ = {isa = PBXFileReference; lastKnownFileType = sourcecode.swift; path = MockMatchDatabase.swift; sourceTree = "<group>"; };
		A6CFA2E12B48D8E100B9E535 /* MockTeamDatabase.swift */ = {isa = PBXFileReference; lastKnownFileType = sourcecode.swift; path = MockTeamDatabase.swift; sourceTree = "<group>"; };
		A6DD672D2B496BE100DA2FB1 /* matches.json */ = {isa = PBXFileReference; lastKnownFileType = text.json; path = matches.json; sourceTree = "<group>"; };
		A6DD672F2B496D3900DA2FB1 /* teams.json */ = {isa = PBXFileReference; lastKnownFileType = text.json; path = teams.json; sourceTree = "<group>"; };
		A6DD67312B49A93600DA2FB1 /* TeamMatchesSectionHeader.swift */ = {isa = PBXFileReference; fileEncoding = 4; lastKnownFileType = sourcecode.swift; path = TeamMatchesSectionHeader.swift; sourceTree = "<group>"; };
		A6F18A682B44743500CFE32C /* Goal.app */ = {isa = PBXFileReference; explicitFileType = wrapper.application; includeInIndex = 0; path = Goal.app; sourceTree = BUILT_PRODUCTS_DIR; };
		A6F18A6B2B44743500CFE32C /* AppDelegate.swift */ = {isa = PBXFileReference; lastKnownFileType = sourcecode.swift; path = AppDelegate.swift; sourceTree = "<group>"; };
		A6F18A752B44743500CFE32C /* Goal.xcdatamodel */ = {isa = PBXFileReference; lastKnownFileType = wrapper.xcdatamodel; path = Goal.xcdatamodel; sourceTree = "<group>"; };
		A6F18A772B44743600CFE32C /* Assets.xcassets */ = {isa = PBXFileReference; lastKnownFileType = folder.assetcatalog; path = Assets.xcassets; sourceTree = "<group>"; };
		A6F18A7A2B44743600CFE32C /* Base */ = {isa = PBXFileReference; lastKnownFileType = file.storyboard; name = Base; path = Base.lproj/LaunchScreen.storyboard; sourceTree = "<group>"; };
		A6F18A7C2B44743600CFE32C /* Info.plist */ = {isa = PBXFileReference; lastKnownFileType = text.plist.xml; path = Info.plist; sourceTree = "<group>"; };
		A6F18A852B44750F00CFE32C /* AppCoordinator.swift */ = {isa = PBXFileReference; lastKnownFileType = sourcecode.swift; path = AppCoordinator.swift; sourceTree = "<group>"; };
		A6F18A882B44752100CFE32C /* Coordinator.swift */ = {isa = PBXFileReference; lastKnownFileType = sourcecode.swift; path = Coordinator.swift; sourceTree = "<group>"; };
		A6F18A8A2B44761300CFE32C /* MatchesViewController.swift */ = {isa = PBXFileReference; lastKnownFileType = sourcecode.swift; path = MatchesViewController.swift; sourceTree = "<group>"; };
		A6F18AA12B45751E00CFE32C /* MatchesViewModel.swift */ = {isa = PBXFileReference; lastKnownFileType = sourcecode.swift; path = MatchesViewModel.swift; sourceTree = "<group>"; };
		A6F18AA72B4580B100CFE32C /* MatchCell.swift */ = {isa = PBXFileReference; lastKnownFileType = sourcecode.swift; path = MatchCell.swift; sourceTree = "<group>"; };
		A6F59DFA2B4CD9FF005C36FE /* TeamsFilterViewModelTests.swift */ = {isa = PBXFileReference; lastKnownFileType = sourcecode.swift; path = TeamsFilterViewModelTests.swift; sourceTree = "<group>"; };
		A6FDA28F2B4A7A62006292EC /* MatchItemViewModel.swift */ = {isa = PBXFileReference; lastKnownFileType = sourcecode.swift; path = MatchItemViewModel.swift; sourceTree = "<group>"; };
		A6FDA2972B4A7E75006292EC /* TeamMatchItemViewModel.swift */ = {isa = PBXFileReference; lastKnownFileType = sourcecode.swift; path = TeamMatchItemViewModel.swift; sourceTree = "<group>"; };
		A6FDA2AA2B4A8527006292EC /* MatchDatabase.swift */ = {isa = PBXFileReference; fileEncoding = 4; lastKnownFileType = sourcecode.swift; path = MatchDatabase.swift; sourceTree = "<group>"; };
		A6FDA2AB2B4A8527006292EC /* TeamDatabase.swift */ = {isa = PBXFileReference; fileEncoding = 4; lastKnownFileType = sourcecode.swift; path = TeamDatabase.swift; sourceTree = "<group>"; };
		A6FDA2AF2B4A8527006292EC /* Model.xcdatamodel */ = {isa = PBXFileReference; lastKnownFileType = wrapper.xcdatamodel; path = Model.xcdatamodel; sourceTree = "<group>"; };
		A6FDA2B02B4A8527006292EC /* PersistenceController.swift */ = {isa = PBXFileReference; fileEncoding = 4; lastKnownFileType = sourcecode.swift; path = PersistenceController.swift; sourceTree = "<group>"; };
		A6FDA2B22B4A8527006292EC /* MatchRepository.swift */ = {isa = PBXFileReference; fileEncoding = 4; lastKnownFileType = sourcecode.swift; path = MatchRepository.swift; sourceTree = "<group>"; };
		A6FDA2B42B4A8527006292EC /* ApiService.swift */ = {isa = PBXFileReference; fileEncoding = 4; lastKnownFileType = sourcecode.swift; path = ApiService.swift; sourceTree = "<group>"; };
		A6FDA2B52B4A8527006292EC /* ApiEndpoint.swift */ = {isa = PBXFileReference; fileEncoding = 4; lastKnownFileType = sourcecode.swift; path = ApiEndpoint.swift; sourceTree = "<group>"; };
		A6FDA2B72B4A8527006292EC /* MatchListObject.swift */ = {isa = PBXFileReference; fileEncoding = 4; lastKnownFileType = sourcecode.swift; path = MatchListObject.swift; sourceTree = "<group>"; };
		A6FDA2B82B4A8527006292EC /* Team.swift */ = {isa = PBXFileReference; fileEncoding = 4; lastKnownFileType = sourcecode.swift; path = Team.swift; sourceTree = "<group>"; };
		A6FDA2B92B4A8527006292EC /* Match.swift */ = {isa = PBXFileReference; fileEncoding = 4; lastKnownFileType = sourcecode.swift; path = Match.swift; sourceTree = "<group>"; };
		A6FDA2C82B4A853F006292EC /* DateExtensions.swift */ = {isa = PBXFileReference; fileEncoding = 4; lastKnownFileType = sourcecode.swift; path = DateExtensions.swift; sourceTree = "<group>"; };
		A6FDA2CA2B4A853F006292EC /* UIViewExtensions.swift */ = {isa = PBXFileReference; fileEncoding = 4; lastKnownFileType = sourcecode.swift; path = UIViewExtensions.swift; sourceTree = "<group>"; };
		A6FDA2CB2B4A853F006292EC /* UIImageViewExtensions.swift */ = {isa = PBXFileReference; fileEncoding = 4; lastKnownFileType = sourcecode.swift; path = UIImageViewExtensions.swift; sourceTree = "<group>"; };
		A6FDA2CC2B4A853F006292EC /* UIColor+.swift */ = {isa = PBXFileReference; fileEncoding = 4; lastKnownFileType = sourcecode.swift; path = "UIColor+.swift"; sourceTree = "<group>"; };
		A6FDA2D52B4A865A006292EC /* MatchesViewModelTests.swift */ = {isa = PBXFileReference; lastKnownFileType = sourcecode.swift; path = MatchesViewModelTests.swift; sourceTree = "<group>"; };
		A6FDA2D72B4A866A006292EC /* MockMatchRepository.swift */ = {isa = PBXFileReference; lastKnownFileType = sourcecode.swift; path = MockMatchRepository.swift; sourceTree = "<group>"; };
		A6FDA2D92B4A89EA006292EC /* TeamDetailViewModelTests.swift */ = {isa = PBXFileReference; lastKnownFileType = sourcecode.swift; path = TeamDetailViewModelTests.swift; sourceTree = "<group>"; };
		A6FDA2E32B4BF457006292EC /* TeamsFilterViewController.swift */ = {isa = PBXFileReference; lastKnownFileType = sourcecode.swift; path = TeamsFilterViewController.swift; sourceTree = "<group>"; };
		A6FDA2E82B4BF476006292EC /* TeamFilterCell.swift */ = {isa = PBXFileReference; lastKnownFileType = sourcecode.swift; path = TeamFilterCell.swift; sourceTree = "<group>"; };
		A6FDA2EA2B4BF47E006292EC /* TeamsFilterViewModel.swift */ = {isa = PBXFileReference; lastKnownFileType = sourcecode.swift; path = TeamsFilterViewModel.swift; sourceTree = "<group>"; };
		A6FDA2EC2B4BF489006292EC /* TeamsFilterCoordinator.swift */ = {isa = PBXFileReference; lastKnownFileType = sourcecode.swift; path = TeamsFilterCoordinator.swift; sourceTree = "<group>"; };
		A6FDA2EE2B4BF6FD006292EC /* TeamFilterItemViewModel.swift */ = {isa = PBXFileReference; lastKnownFileType = sourcecode.swift; path = TeamFilterItemViewModel.swift; sourceTree = "<group>"; };
/* End PBXFileReference section */

/* Begin PBXFrameworksBuildPhase section */
		A6CFA2B12B48591800B9E535 /* Frameworks */ = {
			isa = PBXFrameworksBuildPhase;
			buildActionMask = 2147483647;
			files = (
			);
			runOnlyForDeploymentPostprocessing = 0;
		};
		A6F18A652B44743500CFE32C /* Frameworks */ = {
			isa = PBXFrameworksBuildPhase;
			buildActionMask = 2147483647;
			files = (
				A6FDA2A62B4A847E006292EC /* Networking in Frameworks */,
			);
			runOnlyForDeploymentPostprocessing = 0;
		};
/* End PBXFrameworksBuildPhase section */

/* Begin PBXGroup section */
		A6CFA2822B471C8F00B9E535 /* Fonts */ = {
			isa = PBXGroup;
			children = (
				A6CFA2832B471C8F00B9E535 /* Lexend-Regular.ttf */,
				A6CFA2842B471C8F00B9E535 /* Lexend-SemiBold.ttf */,
				A6CFA2852B471C8F00B9E535 /* Lexend-Medium.ttf */,
				A6CFA2862B471C8F00B9E535 /* Lexend-Bold.ttf */,
			);
			path = Fonts;
			sourceTree = "<group>";
		};
		A6CFA28B2B471CD700B9E535 /* Styles */ = {
			isa = PBXGroup;
			children = (
				A6CFA28C2B471CDF00B9E535 /* Fonts.swift */,
				A6CFA28E2B471D9A00B9E535 /* Colors.swift */,
			);
			path = Styles;
			sourceTree = "<group>";
		};
		A6CFA2942B472A1700B9E535 /* TeamDetail */ = {
			isa = PBXGroup;
			children = (
				A6FDA2962B4A7BCD006292EC /* Coordinator */,
				A6FDA2952B4A7BC9006292EC /* ViewModel */,
				A6FDA2942B4A7BC4006292EC /* View */,
			);
			path = TeamDetail;
			sourceTree = "<group>";
		};
		A6CFA29B2B472C0300B9E535 /* Matches */ = {
			isa = PBXGroup;
			children = (
				A6FDA2932B4A7BBB006292EC /* Coordinator */,
				A6FDA2922B4A7BB3006292EC /* ViewModel */,
				A6FDA2912B4A7BA9006292EC /* View */,
			);
			path = Matches;
			sourceTree = "<group>";
		};
		A6CFA2B52B48591900B9E535 /* GoalTests */ = {
			isa = PBXGroup;
			children = (
				A6FDA2D42B4A863F006292EC /* ViewModel */,
				A6DD672C2B496BC800DA2FB1 /* Data */,
				A6CFA2BD2B48591E00B9E535 /* Repositories */,
			);
			path = GoalTests;
			sourceTree = "<group>";
		};
		A6CFA2BD2B48591E00B9E535 /* Repositories */ = {
			isa = PBXGroup;
			children = (
				A6CFA2C22B485AD500B9E535 /* MatchRepositoryTests.swift */,
				A6CFA2DB2B48D79E00B9E535 /* MockApiService.swift */,
				A6CFA2DF2B48D8D900B9E535 /* MockMatchDatabase.swift */,
				A6CFA2E12B48D8E100B9E535 /* MockTeamDatabase.swift */,
			);
			path = Repositories;
			sourceTree = "<group>";
		};
		A6DD672C2B496BC800DA2FB1 /* Data */ = {
			isa = PBXGroup;
			children = (
				A6DD672D2B496BE100DA2FB1 /* matches.json */,
				A6DD672F2B496D3900DA2FB1 /* teams.json */,
			);
			path = Data;
			sourceTree = "<group>";
		};
		A6F18A5F2B44743500CFE32C = {
			isa = PBXGroup;
			children = (
				A6F18A6A2B44743500CFE32C /* Goal */,
				A6CFA2B52B48591900B9E535 /* GoalTests */,
				A6F18A692B44743500CFE32C /* Products */,
				A6F18A972B44DA6C00CFE32C /* Frameworks */,
			);
			sourceTree = "<group>";
		};
		A6F18A692B44743500CFE32C /* Products */ = {
			isa = PBXGroup;
			children = (
				A6F18A682B44743500CFE32C /* Goal.app */,
				A6CFA2B42B48591800B9E535 /* GoalTests.xctest */,
			);
			name = Products;
			sourceTree = "<group>";
		};
		A6F18A6A2B44743500CFE32C /* Goal */ = {
			isa = PBXGroup;
			children = (
				A6F18A842B4474D400CFE32C /* Resources */,
				A6FDA2C62B4A852D006292EC /* Extensions */,
				A6FDA28A2B4A7783006292EC /* Data */,
				A6F18A872B44751600CFE32C /* Base */,
				A6F18A822B4474B200CFE32C /* App */,
				A6F18A832B4474B700CFE32C /* Features */,
			);
			path = Goal;
			sourceTree = "<group>";
		};
		A6F18A822B4474B200CFE32C /* App */ = {
			isa = PBXGroup;
			children = (
				A6F18A6B2B44743500CFE32C /* AppDelegate.swift */,
				A6F18A852B44750F00CFE32C /* AppCoordinator.swift */,
			);
			path = App;
			sourceTree = "<group>";
		};
		A6F18A832B4474B700CFE32C /* Features */ = {
			isa = PBXGroup;
			children = (
				A6FDA2E22B4BF42F006292EC /* TeamsFilter */,
				A6CFA29B2B472C0300B9E535 /* Matches */,
				A6CFA2942B472A1700B9E535 /* TeamDetail */,
			);
			path = Features;
			sourceTree = "<group>";
		};
		A6F18A842B4474D400CFE32C /* Resources */ = {
			isa = PBXGroup;
			children = (
				A6CFA28B2B471CD700B9E535 /* Styles */,
				A6CFA2822B471C8F00B9E535 /* Fonts */,
				A6F18A7C2B44743600CFE32C /* Info.plist */,
				A6F18A792B44743600CFE32C /* LaunchScreen.storyboard */,
				A6F18A772B44743600CFE32C /* Assets.xcassets */,
				A6F18A742B44743500CFE32C /* Goal.xcdatamodeld */,
			);
			name = Resources;
			sourceTree = "<group>";
		};
		A6F18A872B44751600CFE32C /* Base */ = {
			isa = PBXGroup;
			children = (
				A6F18A882B44752100CFE32C /* Coordinator.swift */,
			);
			path = Base;
			sourceTree = "<group>";
		};
		A6F18A972B44DA6C00CFE32C /* Frameworks */ = {
			isa = PBXGroup;
			children = (
			);
			name = Frameworks;
			sourceTree = "<group>";
		};
		A6FDA28A2B4A7783006292EC /* Data */ = {
			isa = PBXGroup;
			children = (
				A6FDA2A72B4A8527006292EC /* Database */,
				A6FDA2B62B4A8527006292EC /* Models */,
				A6FDA2B32B4A8527006292EC /* Networking */,
				A6FDA2B12B4A8527006292EC /* Repositories */,
			);
			path = Data;
			sourceTree = "<group>";
		};
		A6FDA2912B4A7BA9006292EC /* View */ = {
			isa = PBXGroup;
			children = (
				A6F18A8A2B44761300CFE32C /* MatchesViewController.swift */,
				A6CFA2A12B473EF000B9E535 /* MatchesSectionHeader.swift */,
				A6F18AA72B4580B100CFE32C /* MatchCell.swift */,
			);
			path = View;
			sourceTree = "<group>";
		};
		A6FDA2922B4A7BB3006292EC /* ViewModel */ = {
			isa = PBXGroup;
			children = (
				A6F18AA12B45751E00CFE32C /* MatchesViewModel.swift */,
				A6FDA28F2B4A7A62006292EC /* MatchItemViewModel.swift */,
			);
			path = ViewModel;
			sourceTree = "<group>";
		};
		A6FDA2932B4A7BBB006292EC /* Coordinator */ = {
			isa = PBXGroup;
			children = (
				A6CFA2922B4727EB00B9E535 /* MatchesCoordinator.swift */,
			);
			path = Coordinator;
			sourceTree = "<group>";
		};
		A6FDA2942B4A7BC4006292EC /* View */ = {
			isa = PBXGroup;
			children = (
				A6DD67312B49A93600DA2FB1 /* TeamMatchesSectionHeader.swift */,
				A6CFA2972B472A6800B9E535 /* TeamDetailViewController.swift */,
				A6CFA2C42B485DBE00B9E535 /* TeamMatchCell.swift */,
			);
			path = View;
			sourceTree = "<group>";
		};
		A6FDA2952B4A7BC9006292EC /* ViewModel */ = {
			isa = PBXGroup;
			children = (
				A6CFA2992B472B0100B9E535 /* TeamDetailViewModel.swift */,
				A6FDA2972B4A7E75006292EC /* TeamMatchItemViewModel.swift */,
			);
			path = ViewModel;
			sourceTree = "<group>";
		};
		A6FDA2962B4A7BCD006292EC /* Coordinator */ = {
			isa = PBXGroup;
			children = (
				A6CFA2952B472A2600B9E535 /* TeamDetailCoordinator.swift */,
			);
			path = Coordinator;
			sourceTree = "<group>";
		};
		A6FDA2A72B4A8527006292EC /* Database */ = {
			isa = PBXGroup;
			children = (
				A6FDA2AA2B4A8527006292EC /* MatchDatabase.swift */,
				A6FDA2AB2B4A8527006292EC /* TeamDatabase.swift */,
				A6FDA2AE2B4A8527006292EC /* Model.xcdatamodeld */,
				A6FDA2B02B4A8527006292EC /* PersistenceController.swift */,
			);
			path = Database;
			sourceTree = "<group>";
		};
		A6FDA2B12B4A8527006292EC /* Repositories */ = {
			isa = PBXGroup;
			children = (
				A6FDA2B22B4A8527006292EC /* MatchRepository.swift */,
			);
			path = Repositories;
			sourceTree = "<group>";
		};
		A6FDA2B32B4A8527006292EC /* Networking */ = {
			isa = PBXGroup;
			children = (
				A6FDA2B42B4A8527006292EC /* ApiService.swift */,
				A6FDA2B52B4A8527006292EC /* ApiEndpoint.swift */,
			);
			path = Networking;
			sourceTree = "<group>";
		};
		A6FDA2B62B4A8527006292EC /* Models */ = {
			isa = PBXGroup;
			children = (
				A6FDA2B72B4A8527006292EC /* MatchListObject.swift */,
				A6FDA2B82B4A8527006292EC /* Team.swift */,
				A6FDA2B92B4A8527006292EC /* Match.swift */,
			);
			path = Models;
			sourceTree = "<group>";
		};
		A6FDA2C62B4A852D006292EC /* Extensions */ = {
			isa = PBXGroup;
			children = (
				A6FDA2C72B4A853F006292EC /* Foundation */,
				A6FDA2C92B4A853F006292EC /* UIKit */,
			);
			path = Extensions;
			sourceTree = "<group>";
		};
		A6FDA2C72B4A853F006292EC /* Foundation */ = {
			isa = PBXGroup;
			children = (
				A6FDA2C82B4A853F006292EC /* DateExtensions.swift */,
			);
			path = Foundation;
			sourceTree = "<group>";
		};
		A6FDA2C92B4A853F006292EC /* UIKit */ = {
			isa = PBXGroup;
			children = (
				A6FDA2CA2B4A853F006292EC /* UIViewExtensions.swift */,
				A6FDA2CB2B4A853F006292EC /* UIImageViewExtensions.swift */,
				A6FDA2CC2B4A853F006292EC /* UIColor+.swift */,
			);
			path = UIKit;
			sourceTree = "<group>";
		};
		A6FDA2D42B4A863F006292EC /* ViewModel */ = {
			isa = PBXGroup;
			children = (
				A6FDA2D52B4A865A006292EC /* MatchesViewModelTests.swift */,
				A6FDA2D92B4A89EA006292EC /* TeamDetailViewModelTests.swift */,
				A6F59DFA2B4CD9FF005C36FE /* TeamsFilterViewModelTests.swift */,
				A6FDA2D72B4A866A006292EC /* MockMatchRepository.swift */,
			);
			path = ViewModel;
			sourceTree = "<group>";
		};
		A6FDA2E22B4BF42F006292EC /* TeamsFilter */ = {
			isa = PBXGroup;
			children = (
				A6FDA2E72B4BF462006292EC /* Coordinator */,
				A6FDA2E62B4BF45D006292EC /* ViewModel */,
				A6FDA2E52B4BF45A006292EC /* View */,
			);
			path = TeamsFilter;
			sourceTree = "<group>";
		};
		A6FDA2E52B4BF45A006292EC /* View */ = {
			isa = PBXGroup;
			children = (
				A6FDA2E32B4BF457006292EC /* TeamsFilterViewController.swift */,
				A6FDA2E82B4BF476006292EC /* TeamFilterCell.swift */,
			);
			path = View;
			sourceTree = "<group>";
		};
		A6FDA2E62B4BF45D006292EC /* ViewModel */ = {
			isa = PBXGroup;
			children = (
				A6FDA2EA2B4BF47E006292EC /* TeamsFilterViewModel.swift */,
				A6FDA2EE2B4BF6FD006292EC /* TeamFilterItemViewModel.swift */,
			);
			path = ViewModel;
			sourceTree = "<group>";
		};
		A6FDA2E72B4BF462006292EC /* Coordinator */ = {
			isa = PBXGroup;
			children = (
				A6FDA2EC2B4BF489006292EC /* TeamsFilterCoordinator.swift */,
			);
			path = Coordinator;
			sourceTree = "<group>";
		};
/* End PBXGroup section */

/* Begin PBXNativeTarget section */
		A6CFA2B32B48591800B9E535 /* GoalTests */ = {
			isa = PBXNativeTarget;
			buildConfigurationList = A6CFA2BA2B48591900B9E535 /* Build configuration list for PBXNativeTarget "GoalTests" */;
			buildPhases = (
				A6CFA2B02B48591800B9E535 /* Sources */,
				A6CFA2B12B48591800B9E535 /* Frameworks */,
				A6CFA2B22B48591800B9E535 /* Resources */,
			);
			buildRules = (
			);
			dependencies = (
				A6CFA2B92B48591900B9E535 /* PBXTargetDependency */,
			);
			name = GoalTests;
			productName = GoalTests;
			productReference = A6CFA2B42B48591800B9E535 /* GoalTests.xctest */;
			productType = "com.apple.product-type.bundle.unit-test";
		};
		A6F18A672B44743500CFE32C /* Goal */ = {
			isa = PBXNativeTarget;
			buildConfigurationList = A6F18A7F2B44743600CFE32C /* Build configuration list for PBXNativeTarget "Goal" */;
			buildPhases = (
				A6F18A642B44743500CFE32C /* Sources */,
				A6F18A652B44743500CFE32C /* Frameworks */,
				A6F18A662B44743500CFE32C /* Resources */,
			);
			buildRules = (
			);
			dependencies = (
			);
			name = Goal;
			packageProductDependencies = (
				A6FDA2A52B4A847E006292EC /* Networking */,
			);
			productName = Goal;
			productReference = A6F18A682B44743500CFE32C /* Goal.app */;
			productType = "com.apple.product-type.application";
		};
/* End PBXNativeTarget section */

/* Begin PBXProject section */
		A6F18A602B44743500CFE32C /* Project object */ = {
			isa = PBXProject;
			attributes = {
				BuildIndependentTargetsInParallel = 1;
				LastSwiftUpdateCheck = 1500;
				LastUpgradeCheck = 1500;
				TargetAttributes = {
					A6CFA2B32B48591800B9E535 = {
						CreatedOnToolsVersion = 15.0;
						LastSwiftMigration = 1500;
						TestTargetID = A6F18A672B44743500CFE32C;
					};
					A6F18A672B44743500CFE32C = {
						CreatedOnToolsVersion = 15.0;
					};
				};
			};
			buildConfigurationList = A6F18A632B44743500CFE32C /* Build configuration list for PBXProject "Goal" */;
			compatibilityVersion = "Xcode 14.0";
			developmentRegion = en;
			hasScannedForEncodings = 0;
			knownRegions = (
				en,
				Base,
			);
			mainGroup = A6F18A5F2B44743500CFE32C;
			productRefGroup = A6F18A692B44743500CFE32C /* Products */;
			projectDirPath = "";
			projectRoot = "";
			targets = (
				A6F18A672B44743500CFE32C /* Goal */,
				A6CFA2B32B48591800B9E535 /* GoalTests */,
			);
		};
/* End PBXProject section */

/* Begin PBXResourcesBuildPhase section */
		A6CFA2B22B48591800B9E535 /* Resources */ = {
			isa = PBXResourcesBuildPhase;
			buildActionMask = 2147483647;
			files = (
				A6DD672E2B496BE100DA2FB1 /* matches.json in Resources */,
				A6DD67302B496D3900DA2FB1 /* teams.json in Resources */,
			);
			runOnlyForDeploymentPostprocessing = 0;
		};
		A6F18A662B44743500CFE32C /* Resources */ = {
			isa = PBXResourcesBuildPhase;
			buildActionMask = 2147483647;
			files = (
				A6CFA2882B471C8F00B9E535 /* Lexend-SemiBold.ttf in Resources */,
				A6CFA2872B471C8F00B9E535 /* Lexend-Regular.ttf in Resources */,
				A6CFA2892B471C8F00B9E535 /* Lexend-Medium.ttf in Resources */,
				A6F18A7B2B44743600CFE32C /* LaunchScreen.storyboard in Resources */,
				A6CFA28A2B471C8F00B9E535 /* Lexend-Bold.ttf in Resources */,
				A6F18A782B44743600CFE32C /* Assets.xcassets in Resources */,
			);
			runOnlyForDeploymentPostprocessing = 0;
		};
/* End PBXResourcesBuildPhase section */

/* Begin PBXSourcesBuildPhase section */
		A6CFA2B02B48591800B9E535 /* Sources */ = {
			isa = PBXSourcesBuildPhase;
			buildActionMask = 2147483647;
			files = (
				A6FDA2D62B4A865A006292EC /* MatchesViewModelTests.swift in Sources */,
				A6F59DFB2B4CD9FF005C36FE /* TeamsFilterViewModelTests.swift in Sources */,
				A6FDA2DA2B4A89EA006292EC /* TeamDetailViewModelTests.swift in Sources */,
				A6CFA2E22B48D8E100B9E535 /* MockTeamDatabase.swift in Sources */,
				A6CFA2C32B485AD500B9E535 /* MatchRepositoryTests.swift in Sources */,
				A6FDA2D82B4A866A006292EC /* MockMatchRepository.swift in Sources */,
				A6CFA2E02B48D8D900B9E535 /* MockMatchDatabase.swift in Sources */,
				A6CFA2DC2B48D79E00B9E535 /* MockApiService.swift in Sources */,
			);
			runOnlyForDeploymentPostprocessing = 0;
		};
		A6F18A642B44743500CFE32C /* Sources */ = {
			isa = PBXSourcesBuildPhase;
			buildActionMask = 2147483647;
			files = (
				A6DD67322B49A93600DA2FB1 /* TeamMatchesSectionHeader.swift in Sources */,
				A6FDA2BE2B4A8527006292EC /* Model.xcdatamodeld in Sources */,
				A6FDA2C42B4A8527006292EC /* Team.swift in Sources */,
				A6FDA2CD2B4A853F006292EC /* DateExtensions.swift in Sources */,
				A6CFA28F2B471D9A00B9E535 /* Colors.swift in Sources */,
				A6CFA29A2B472B0100B9E535 /* TeamDetailViewModel.swift in Sources */,
				A6CFA28D2B471CDF00B9E535 /* Fonts.swift in Sources */,
				A6CFA2C52B485DBE00B9E535 /* TeamMatchCell.swift in Sources */,
				A6F18A892B44752100CFE32C /* Coordinator.swift in Sources */,
				A6F18A862B44750F00CFE32C /* AppCoordinator.swift in Sources */,
				A6F18A8B2B44761300CFE32C /* MatchesViewController.swift in Sources */,
				A6CFA2982B472A6800B9E535 /* TeamDetailViewController.swift in Sources */,
				A6F18AA82B4580B100CFE32C /* MatchCell.swift in Sources */,
				A6F18A762B44743500CFE32C /* Goal.xcdatamodeld in Sources */,
				A6FDA2E92B4BF476006292EC /* TeamFilterCell.swift in Sources */,
				A6FDA2E42B4BF457006292EC /* TeamsFilterViewController.swift in Sources */,
				A6FDA2BB2B4A8527006292EC /* MatchDatabase.swift in Sources */,
				A6FDA2982B4A7E75006292EC /* TeamMatchItemViewModel.swift in Sources */,
				A6FDA2C02B4A8527006292EC /* MatchRepository.swift in Sources */,
				A6FDA2EF2B4BF6FD006292EC /* TeamFilterItemViewModel.swift in Sources */,
				A6FDA2ED2B4BF489006292EC /* TeamsFilterCoordinator.swift in Sources */,
				A6FDA2BF2B4A8527006292EC /* PersistenceController.swift in Sources */,
				A6FDA2C22B4A8527006292EC /* ApiEndpoint.swift in Sources */,
				A6FDA2BC2B4A8527006292EC /* TeamDatabase.swift in Sources */,
				A6CFA2932B4727EB00B9E535 /* MatchesCoordinator.swift in Sources */,
				A6FDA2C12B4A8527006292EC /* ApiService.swift in Sources */,
				A6FDA2EB2B4BF47E006292EC /* TeamsFilterViewModel.swift in Sources */,
				A6FDA2C52B4A8527006292EC /* Match.swift in Sources */,
				A6FDA2D02B4A853F006292EC /* UIColor+.swift in Sources */,
				A6CFA2A22B473EF000B9E535 /* MatchesSectionHeader.swift in Sources */,
				A6FDA2CE2B4A853F006292EC /* UIViewExtensions.swift in Sources */,
				A6F18A6C2B44743500CFE32C /* AppDelegate.swift in Sources */,
				A6FDA2C32B4A8527006292EC /* MatchListObject.swift in Sources */,
				A6FDA2902B4A7A62006292EC /* MatchItemViewModel.swift in Sources */,
				A6F18AA22B45751E00CFE32C /* MatchesViewModel.swift in Sources */,
				A6FDA2CF2B4A853F006292EC /* UIImageViewExtensions.swift in Sources */,
				A6CFA2962B472A2600B9E535 /* TeamDetailCoordinator.swift in Sources */,
			);
			runOnlyForDeploymentPostprocessing = 0;
		};
/* End PBXSourcesBuildPhase section */

/* Begin PBXTargetDependency section */
		A6CFA2B92B48591900B9E535 /* PBXTargetDependency */ = {
			isa = PBXTargetDependency;
			target = A6F18A672B44743500CFE32C /* Goal */;
			targetProxy = A6CFA2B82B48591900B9E535 /* PBXContainerItemProxy */;
		};
/* End PBXTargetDependency section */

/* Begin PBXVariantGroup section */
		A6F18A792B44743600CFE32C /* LaunchScreen.storyboard */ = {
			isa = PBXVariantGroup;
			children = (
				A6F18A7A2B44743600CFE32C /* Base */,
			);
			name = LaunchScreen.storyboard;
			sourceTree = "<group>";
		};
/* End PBXVariantGroup section */

/* Begin XCBuildConfiguration section */
		A6CFA2BB2B48591900B9E535 /* Debug */ = {
			isa = XCBuildConfiguration;
			buildSettings = {
				BUNDLE_LOADER = "$(TEST_HOST)";
				CLANG_ENABLE_MODULES = YES;
				CODE_SIGN_STYLE = Automatic;
				CURRENT_PROJECT_VERSION = 1;
				DEVELOPMENT_TEAM = 8BJQV3U22K;
				GENERATE_INFOPLIST_FILE = YES;
				MARKETING_VERSION = 1.0;
				PRODUCT_BUNDLE_IDENTIFIER = com.tungnguyen.goal.GoalTests;
				PRODUCT_NAME = "$(TARGET_NAME)";
				SWIFT_EMIT_LOC_STRINGS = NO;
				SWIFT_OBJC_BRIDGING_HEADER = "";
				SWIFT_OPTIMIZATION_LEVEL = "-Onone";
				SWIFT_VERSION = 5.0;
				TARGETED_DEVICE_FAMILY = "1,2";
				TEST_HOST = "$(BUILT_PRODUCTS_DIR)/Goal.app/$(BUNDLE_EXECUTABLE_FOLDER_PATH)/Goal";
			};
			name = Debug;
		};
		A6CFA2BC2B48591900B9E535 /* Release */ = {
			isa = XCBuildConfiguration;
			buildSettings = {
				BUNDLE_LOADER = "$(TEST_HOST)";
				CLANG_ENABLE_MODULES = YES;
				CODE_SIGN_STYLE = Automatic;
				CURRENT_PROJECT_VERSION = 1;
				DEVELOPMENT_TEAM = 8BJQV3U22K;
				GENERATE_INFOPLIST_FILE = YES;
				MARKETING_VERSION = 1.0;
				PRODUCT_BUNDLE_IDENTIFIER = com.tungnguyen.goal.GoalTests;
				PRODUCT_NAME = "$(TARGET_NAME)";
				SWIFT_EMIT_LOC_STRINGS = NO;
				SWIFT_OBJC_BRIDGING_HEADER = "";
				SWIFT_VERSION = 5.0;
				TARGETED_DEVICE_FAMILY = "1,2";
				TEST_HOST = "$(BUILT_PRODUCTS_DIR)/Goal.app/$(BUNDLE_EXECUTABLE_FOLDER_PATH)/Goal";
			};
			name = Release;
		};
		A6F18A7D2B44743600CFE32C /* Debug */ = {
			isa = XCBuildConfiguration;
			buildSettings = {
				ALWAYS_SEARCH_USER_PATHS = NO;
				ASSETCATALOG_COMPILER_GENERATE_SWIFT_ASSET_SYMBOL_EXTENSIONS = YES;
				CLANG_ANALYZER_NONNULL = YES;
				CLANG_ANALYZER_NUMBER_OBJECT_CONVERSION = YES_AGGRESSIVE;
				CLANG_CXX_LANGUAGE_STANDARD = "gnu++20";
				CLANG_ENABLE_MODULES = YES;
				CLANG_ENABLE_OBJC_ARC = YES;
				CLANG_ENABLE_OBJC_WEAK = YES;
				CLANG_WARN_BLOCK_CAPTURE_AUTORELEASING = YES;
				CLANG_WARN_BOOL_CONVERSION = YES;
				CLANG_WARN_COMMA = YES;
				CLANG_WARN_CONSTANT_CONVERSION = YES;
				CLANG_WARN_DEPRECATED_OBJC_IMPLEMENTATIONS = YES;
				CLANG_WARN_DIRECT_OBJC_ISA_USAGE = YES_ERROR;
				CLANG_WARN_DOCUMENTATION_COMMENTS = YES;
				CLANG_WARN_EMPTY_BODY = YES;
				CLANG_WARN_ENUM_CONVERSION = YES;
				CLANG_WARN_INFINITE_RECURSION = YES;
				CLANG_WARN_INT_CONVERSION = YES;
				CLANG_WARN_NON_LITERAL_NULL_CONVERSION = YES;
				CLANG_WARN_OBJC_IMPLICIT_RETAIN_SELF = YES;
				CLANG_WARN_OBJC_LITERAL_CONVERSION = YES;
				CLANG_WARN_OBJC_ROOT_CLASS = YES_ERROR;
				CLANG_WARN_QUOTED_INCLUDE_IN_FRAMEWORK_HEADER = YES;
				CLANG_WARN_RANGE_LOOP_ANALYSIS = YES;
				CLANG_WARN_STRICT_PROTOTYPES = YES;
				CLANG_WARN_SUSPICIOUS_MOVE = YES;
				CLANG_WARN_UNGUARDED_AVAILABILITY = YES_AGGRESSIVE;
				CLANG_WARN_UNREACHABLE_CODE = YES;
				CLANG_WARN__DUPLICATE_METHOD_MATCH = YES;
				COPY_PHASE_STRIP = NO;
				DEBUG_INFORMATION_FORMAT = dwarf;
				ENABLE_STRICT_OBJC_MSGSEND = YES;
				ENABLE_TESTABILITY = YES;
				ENABLE_USER_SCRIPT_SANDBOXING = YES;
				GCC_C_LANGUAGE_STANDARD = gnu17;
				GCC_DYNAMIC_NO_PIC = NO;
				GCC_NO_COMMON_BLOCKS = YES;
				GCC_OPTIMIZATION_LEVEL = 0;
				GCC_PREPROCESSOR_DEFINITIONS = (
					"DEBUG=1",
					"$(inherited)",
				);
				GCC_WARN_64_TO_32_BIT_CONVERSION = YES;
				GCC_WARN_ABOUT_RETURN_TYPE = YES_ERROR;
				GCC_WARN_UNDECLARED_SELECTOR = YES;
				GCC_WARN_UNINITIALIZED_AUTOS = YES_AGGRESSIVE;
				GCC_WARN_UNUSED_FUNCTION = YES;
				GCC_WARN_UNUSED_VARIABLE = YES;
				IPHONEOS_DEPLOYMENT_TARGET = 17.0;
				LOCALIZATION_PREFERS_STRING_CATALOGS = YES;
				MTL_ENABLE_DEBUG_INFO = INCLUDE_SOURCE;
				MTL_FAST_MATH = YES;
				ONLY_ACTIVE_ARCH = YES;
				SDKROOT = iphoneos;
				SWIFT_ACTIVE_COMPILATION_CONDITIONS = "DEBUG $(inherited)";
				SWIFT_OPTIMIZATION_LEVEL = "-Onone";
			};
			name = Debug;
		};
		A6F18A7E2B44743600CFE32C /* Release */ = {
			isa = XCBuildConfiguration;
			buildSettings = {
				ALWAYS_SEARCH_USER_PATHS = NO;
				ASSETCATALOG_COMPILER_GENERATE_SWIFT_ASSET_SYMBOL_EXTENSIONS = YES;
				CLANG_ANALYZER_NONNULL = YES;
				CLANG_ANALYZER_NUMBER_OBJECT_CONVERSION = YES_AGGRESSIVE;
				CLANG_CXX_LANGUAGE_STANDARD = "gnu++20";
				CLANG_ENABLE_MODULES = YES;
				CLANG_ENABLE_OBJC_ARC = YES;
				CLANG_ENABLE_OBJC_WEAK = YES;
				CLANG_WARN_BLOCK_CAPTURE_AUTORELEASING = YES;
				CLANG_WARN_BOOL_CONVERSION = YES;
				CLANG_WARN_COMMA = YES;
				CLANG_WARN_CONSTANT_CONVERSION = YES;
				CLANG_WARN_DEPRECATED_OBJC_IMPLEMENTATIONS = YES;
				CLANG_WARN_DIRECT_OBJC_ISA_USAGE = YES_ERROR;
				CLANG_WARN_DOCUMENTATION_COMMENTS = YES;
				CLANG_WARN_EMPTY_BODY = YES;
				CLANG_WARN_ENUM_CONVERSION = YES;
				CLANG_WARN_INFINITE_RECURSION = YES;
				CLANG_WARN_INT_CONVERSION = YES;
				CLANG_WARN_NON_LITERAL_NULL_CONVERSION = YES;
				CLANG_WARN_OBJC_IMPLICIT_RETAIN_SELF = YES;
				CLANG_WARN_OBJC_LITERAL_CONVERSION = YES;
				CLANG_WARN_OBJC_ROOT_CLASS = YES_ERROR;
				CLANG_WARN_QUOTED_INCLUDE_IN_FRAMEWORK_HEADER = YES;
				CLANG_WARN_RANGE_LOOP_ANALYSIS = YES;
				CLANG_WARN_STRICT_PROTOTYPES = YES;
				CLANG_WARN_SUSPICIOUS_MOVE = YES;
				CLANG_WARN_UNGUARDED_AVAILABILITY = YES_AGGRESSIVE;
				CLANG_WARN_UNREACHABLE_CODE = YES;
				CLANG_WARN__DUPLICATE_METHOD_MATCH = YES;
				COPY_PHASE_STRIP = NO;
				DEBUG_INFORMATION_FORMAT = "dwarf-with-dsym";
				ENABLE_NS_ASSERTIONS = NO;
				ENABLE_STRICT_OBJC_MSGSEND = YES;
				ENABLE_USER_SCRIPT_SANDBOXING = YES;
				GCC_C_LANGUAGE_STANDARD = gnu17;
				GCC_NO_COMMON_BLOCKS = YES;
				GCC_WARN_64_TO_32_BIT_CONVERSION = YES;
				GCC_WARN_ABOUT_RETURN_TYPE = YES_ERROR;
				GCC_WARN_UNDECLARED_SELECTOR = YES;
				GCC_WARN_UNINITIALIZED_AUTOS = YES_AGGRESSIVE;
				GCC_WARN_UNUSED_FUNCTION = YES;
				GCC_WARN_UNUSED_VARIABLE = YES;
				IPHONEOS_DEPLOYMENT_TARGET = 17.0;
				LOCALIZATION_PREFERS_STRING_CATALOGS = YES;
				MTL_ENABLE_DEBUG_INFO = NO;
				MTL_FAST_MATH = YES;
				SDKROOT = iphoneos;
				SWIFT_COMPILATION_MODE = wholemodule;
				VALIDATE_PRODUCT = YES;
			};
			name = Release;
		};
		A6F18A802B44743600CFE32C /* Debug */ = {
			isa = XCBuildConfiguration;
			buildSettings = {
				ASSETCATALOG_COMPILER_APPICON_NAME = AppIcon;
				ASSETCATALOG_COMPILER_GLOBAL_ACCENT_COLOR_NAME = AccentColor;
				CODE_SIGN_STYLE = Automatic;
				CURRENT_PROJECT_VERSION = 1;
				DEVELOPMENT_TEAM = 8BJQV3U22K;
				GENERATE_INFOPLIST_FILE = YES;
				INFOPLIST_FILE = Goal/Info.plist;
				INFOPLIST_KEY_UIApplicationSupportsIndirectInputEvents = YES;
				INFOPLIST_KEY_UILaunchStoryboardName = LaunchScreen;
				INFOPLIST_KEY_UISupportedInterfaceOrientations_iPad = "UIInterfaceOrientationPortrait UIInterfaceOrientationPortraitUpsideDown UIInterfaceOrientationLandscapeLeft UIInterfaceOrientationLandscapeRight";
				INFOPLIST_KEY_UISupportedInterfaceOrientations_iPhone = "UIInterfaceOrientationPortrait UIInterfaceOrientationLandscapeLeft UIInterfaceOrientationLandscapeRight";
				INFOPLIST_KEY_UIUserInterfaceStyle = Light;
				IPHONEOS_DEPLOYMENT_TARGET = 15.0;
				LD_RUNPATH_SEARCH_PATHS = (
					"$(inherited)",
					"@executable_path/Frameworks",
				);
				MARKETING_VERSION = 1.0.0;
				PRODUCT_BUNDLE_IDENTIFIER = com.tungnguyen.goal;
				PRODUCT_NAME = "$(TARGET_NAME)";
				SWIFT_EMIT_LOC_STRINGS = YES;
				SWIFT_VERSION = 5.0;
				TARGETED_DEVICE_FAMILY = "1,2";
			};
			name = Debug;
		};
		A6F18A812B44743600CFE32C /* Release */ = {
			isa = XCBuildConfiguration;
			buildSettings = {
				ASSETCATALOG_COMPILER_APPICON_NAME = AppIcon;
				ASSETCATALOG_COMPILER_GLOBAL_ACCENT_COLOR_NAME = AccentColor;
				CODE_SIGN_STYLE = Automatic;
				CURRENT_PROJECT_VERSION = 1;
				DEVELOPMENT_TEAM = 8BJQV3U22K;
				GENERATE_INFOPLIST_FILE = YES;
				INFOPLIST_FILE = Goal/Info.plist;
				INFOPLIST_KEY_UIApplicationSupportsIndirectInputEvents = YES;
				INFOPLIST_KEY_UILaunchStoryboardName = LaunchScreen;
				INFOPLIST_KEY_UISupportedInterfaceOrientations_iPad = "UIInterfaceOrientationPortrait UIInterfaceOrientationPortraitUpsideDown UIInterfaceOrientationLandscapeLeft UIInterfaceOrientationLandscapeRight";
				INFOPLIST_KEY_UISupportedInterfaceOrientations_iPhone = "UIInterfaceOrientationPortrait UIInterfaceOrientationLandscapeLeft UIInterfaceOrientationLandscapeRight";
				INFOPLIST_KEY_UIUserInterfaceStyle = Light;
				IPHONEOS_DEPLOYMENT_TARGET = 15.0;
				LD_RUNPATH_SEARCH_PATHS = (
					"$(inherited)",
					"@executable_path/Frameworks",
				);
				MARKETING_VERSION = 1.0.0;
				PRODUCT_BUNDLE_IDENTIFIER = com.tungnguyen.goal;
				PRODUCT_NAME = "$(TARGET_NAME)";
				SWIFT_EMIT_LOC_STRINGS = YES;
				SWIFT_VERSION = 5.0;
				TARGETED_DEVICE_FAMILY = "1,2";
			};
			name = Release;
		};
/* End XCBuildConfiguration section */

/* Begin XCConfigurationList section */
		A6CFA2BA2B48591900B9E535 /* Build configuration list for PBXNativeTarget "GoalTests" */ = {
			isa = XCConfigurationList;
			buildConfigurations = (
				A6CFA2BB2B48591900B9E535 /* Debug */,
				A6CFA2BC2B48591900B9E535 /* Release */,
			);
			defaultConfigurationIsVisible = 0;
			defaultConfigurationName = Release;
		};
		A6F18A632B44743500CFE32C /* Build configuration list for PBXProject "Goal" */ = {
			isa = XCConfigurationList;
			buildConfigurations = (
				A6F18A7D2B44743600CFE32C /* Debug */,
				A6F18A7E2B44743600CFE32C /* Release */,
			);
			defaultConfigurationIsVisible = 0;
			defaultConfigurationName = Release;
		};
		A6F18A7F2B44743600CFE32C /* Build configuration list for PBXNativeTarget "Goal" */ = {
			isa = XCConfigurationList;
			buildConfigurations = (
				A6F18A802B44743600CFE32C /* Debug */,
				A6F18A812B44743600CFE32C /* Release */,
			);
			defaultConfigurationIsVisible = 0;
			defaultConfigurationName = Release;
		};
/* End XCConfigurationList section */

/* Begin XCSwiftPackageProductDependency section */
		A6FDA2A52B4A847E006292EC /* Networking */ = {
			isa = XCSwiftPackageProductDependency;
			productName = Networking;
		};
/* End XCSwiftPackageProductDependency section */

/* Begin XCVersionGroup section */
		A6F18A742B44743500CFE32C /* Goal.xcdatamodeld */ = {
			isa = XCVersionGroup;
			children = (
				A6F18A752B44743500CFE32C /* Goal.xcdatamodel */,
			);
			currentVersion = A6F18A752B44743500CFE32C /* Goal.xcdatamodel */;
			path = Goal.xcdatamodeld;
			sourceTree = "<group>";
			versionGroupType = wrapper.xcdatamodel;
		};
		A6FDA2AE2B4A8527006292EC /* Model.xcdatamodeld */ = {
			isa = XCVersionGroup;
			children = (
				A6FDA2AF2B4A8527006292EC /* Model.xcdatamodel */,
			);
			currentVersion = A6FDA2AF2B4A8527006292EC /* Model.xcdatamodel */;
			path = Model.xcdatamodeld;
			sourceTree = "<group>";
			versionGroupType = wrapper.xcdatamodel;
		};
/* End XCVersionGroup section */
	};
	rootObject = A6F18A602B44743500CFE32C /* Project object */;
}
